
Microsoft Visual Studio Solution File, Format Version 12.00
# Visual Studio Version 17
VisualStudioVersion = 17.10.35004.147
MinimumVisualStudioVersion = 10.0.40219.1
Project("{FAE04EC0-301F-11D3-BF4B-00C04F79EFBC}") = "OOP02", "OOP02\OOP02.csproj", "{A6B96BCD-A2E9-4D17-85CB-909656BD5499}"
EndProject
Global
	GlobalSection(SolutionConfigurationPlatforms) = preSolution
		Debug|Any CPU = Debug|Any CPU
		Release|Any CPU = Release|Any CPU
	EndGlobalSection
	GlobalSection(ProjectConfigurationPlatforms) = postSolution
		{A6B96BCD-A2E9-4D17-85CB-909656BD5499}.Debug|Any CPU.ActiveCfg = Debug|Any CPU
		{A6B96BCD-A2E9-4D17-85CB-909656BD5499}.Debug|Any CPU.Build.0 = Debug|Any CPU
		{A6B96BCD-A2E9-4D17-85CB-909656BD5499}.Release|Any CPU.ActiveCfg = Release|Any CPU
		{A6B96BCD-A2E9-4D17-85CB-909656BD5499}.Release|Any CPU.Build.0 = Release|Any CPU
	EndGlobalSection
	GlobalSection(SolutionProperties) = preSolution
		HideSolutionNode = FALSE
	EndGlobalSection
	GlobalSection(ExtensibilityGlobals) = postSolution
		SolutionGuid = {4EE20AD9-C90F-4964-900E-F2EA0762108F}
	EndGlobalSection
EndGlobal
